
Microsoft Visual Studio Solution File, Format Version 12.00
Project("{2150E333-8FDC-42A3-9474-1A3956D46DE8}") = "Services", "Services", "{232F0A15-CBDB-4961-928C-C4C375F9FC82}"
EndProject
Project("{2150E333-8FDC-42A3-9474-1A3956D46DE8}") = "Catalog", "Catalog", "{14FBC001-3B5C-4680-BA5B-243AD5065573}"
EndProject
Project("{FAE04EC0-301F-11D3-BF4B-00C04F79EFBC}") = "CatalogMicroServices", "Services\Catalog\CatalogMicroServices\CatalogMicroServices.csproj", "{4AF23CB8-B3D7-42A7-B94A-AE2ABDA04F10}"
EndProject
Project("{2150E333-8FDC-42A3-9474-1A3956D46DE8}") = "Shared", "Shared", "{63DDA443-96C6-4DD8-AB1E-7F0743ACD3A3}"
EndProject
Project("{FAE04EC0-301F-11D3-BF4B-00C04F79EFBC}") = "OnlineStudyShared", "Shared\OnlineStudyShared\OnlineStudyShared.csproj", "{76A4C384-C984-4095-88B2-1814BB8CCD40}"
EndProject
Project("{2150E333-8FDC-42A3-9474-1A3956D46DE8}") = "IdentityServer", "IdentityServer", "{E4B9A81E-D3D0-4C49-BBE1-EF1325AE5293}"
EndProject
Project("{FAE04EC0-301F-11D3-BF4B-00C04F79EFBC}") = "OnlineStudyIdentityServer", "IdentityServer\OnlineStudyIdentityServer\OnlineStudyIdentityServer.csproj", "{70F15FEC-DF35-4F5B-AE19-47262A1B7732}"
EndProject
Project("{2150E333-8FDC-42A3-9474-1A3956D46DE8}") = "PhotoStock", "PhotoStock", "{F19760CF-F5D6-4A78-9202-164773E9D283}"
EndProject
Project("{FAE04EC0-301F-11D3-BF4B-00C04F79EFBC}") = "PhotoStockMicroServices", "Services\PhotoStock\PhotoStockMicroServices\PhotoStockMicroServices.csproj", "{BE4DCBDB-F552-4E27-BBA5-486291BA07E1}"
EndProject
Project("{2150E333-8FDC-42A3-9474-1A3956D46DE8}") = "Cart", "Cart", "{8A20DEC0-21ED-433C-9805-A8B55680139B}"
EndProject
Project("{FAE04EC0-301F-11D3-BF4B-00C04F79EFBC}") = "CartMicroServices", "Services\Cart\CartMicroServices\CartMicroServices.csproj", "{4DA2F487-51F0-4844-A1E4-9FD4BC225D79}"
EndProject
Project("{2150E333-8FDC-42A3-9474-1A3956D46DE8}") = "Discount", "Discount", "{8799C9BA-B1FC-4BFF-BB47-296AE5807DCF}"
EndProject
Project("{FAE04EC0-301F-11D3-BF4B-00C04F79EFBC}") = "DiscountMicroServices", "Services\Discount\DiscountMicroServices\DiscountMicroServices.csproj", "{693229F9-F96D-4929-B95B-C965209D170A}"
EndProject
Project("{FAE04EC0-301F-11D3-BF4B-00C04F79EFBC}") = "Business", "Services\Discount\Business\Business.csproj", "{63CD3B34-AA23-4EE9-824F-53542A86FB51}"
EndProject
Project("{FAE04EC0-301F-11D3-BF4B-00C04F79EFBC}") = "DataAccess", "Services\Discount\DataAccess\DataAccess.csproj", "{3DCCE714-BD60-4F41-A473-6ABE2FCCE9C2}"
EndProject
Project("{FAE04EC0-301F-11D3-BF4B-00C04F79EFBC}") = "Entity", "Services\Discount\Entity\Entity.csproj", "{327715B7-05BC-4580-B314-84DFD639E451}"
EndProject
Project("{2150E333-8FDC-42A3-9474-1A3956D46DE8}") = "Order", "Order", "{BAE0ACBB-F94D-4290-B332-2D20BBEEA8CF}"
EndProject
Project("{FAE04EC0-301F-11D3-BF4B-00C04F79EFBC}") = "OrderMicroServicesWebAPI", "Services\Order\OrderMicroServicesWebAPI\OrderMicroServicesWebAPI.csproj", "{1AB7E0CE-9D31-455A-91D5-A4295386DC41}"
EndProject
Project("{FAE04EC0-301F-11D3-BF4B-00C04F79EFBC}") = "OrderDomain", "Services\Order\OrderDomain\OrderDomain.csproj", "{4FE08F74-BBE2-43DB-80BE-DA35B5D14CB8}"
EndProject
Project("{FAE04EC0-301F-11D3-BF4B-00C04F79EFBC}") = "OrderCore", "Services\Order\OrderCore\OrderCore.csproj", "{7C9D3EC1-E0D2-461F-89E3-FB9C92B90CFC}"
EndProject
Project("{FAE04EC0-301F-11D3-BF4B-00C04F79EFBC}") = "OrderInfrastructure", "Services\Order\OrderInfrastructure\OrderInfrastructure.csproj", "{BF140B44-1CA4-4706-A16A-A49722B3DBF6}"
EndProject
Project("{2150E333-8FDC-42A3-9474-1A3956D46DE8}") = "Payment", "Payment", "{593077CB-FA3D-46CA-A680-EB5A440838A1}"
EndProject
Project("{FAE04EC0-301F-11D3-BF4B-00C04F79EFBC}") = "StripePaymentMicroService", "Services\Payment\StripePaymentMicroService\StripePaymentMicroService.csproj", "{1E3C22A7-0E33-4256-B91D-36E035E80C01}"
EndProject
Project("{2150E333-8FDC-42A3-9474-1A3956D46DE8}") = "Gateways", "Gateways", "{05788193-AF21-4CF0-B4CC-9383A1374FD2}"
EndProject
Project("{FAE04EC0-301F-11D3-BF4B-00C04F79EFBC}") = "GatewayOnlineCourse", "GatewayOnlineCourse\GatewayOnlineCourse.csproj", "{616AFD10-73B7-4E29-B6C1-347FD5E6D8DE}"
EndProject
Project("{2150E333-8FDC-42A3-9474-1A3956D46DE8}") = "Frontents", "Frontents", "{B42C7B44-A114-44BF-8EFA-D75E6BDB082E}"
EndProject
Project("{FAE04EC0-301F-11D3-BF4B-00C04F79EFBC}") = "Business", "frontents\Business\Business.csproj", "{64FCAB84-8681-47F7-82AA-78849DD716BA}"
EndProject
Project("{FAE04EC0-301F-11D3-BF4B-00C04F79EFBC}") = "OnlineStudyWeb", "frontents\OnlineStudyWeb\OnlineStudyWeb.csproj", "{EC2AC2AE-10C9-468F-A0C3-F91AF9840B86}"
EndProject
Project("{FAE04EC0-301F-11D3-BF4B-00C04F79EFBC}") = "OrderApplication1", "Services\Order\OrderApplication1\OrderApplication1.csproj", "{CFF9ED85-6208-4FFD-9D9A-C0471EB59CBE}"
EndProject
Project("{2150E333-8FDC-42A3-9474-1A3956D46DE8}") = "Contact", "Contact", "{22781A58-E21D-4E31-ADCC-3509E7E361EE}"
EndProject
Project("{FAE04EC0-301F-11D3-BF4B-00C04F79EFBC}") = "Business", "Services\Contact\Business\Business.csproj", "{ED59D08A-230A-44AC-8815-26B665908C93}"
EndProject
Project("{FAE04EC0-301F-11D3-BF4B-00C04F79EFBC}") = "ContactMicroServices", "Services\Contact\ContactMicroServices\ContactMicroServices.csproj", "{05CA4429-D23B-4F84-AD8F-8373030C500D}"
EndProject
Project("{FAE04EC0-301F-11D3-BF4B-00C04F79EFBC}") = "DataAccess", "Services\Contact\DataAccess\DataAccess.csproj", "{81D5ADCD-6514-4332-83D4-312D57A0A8F7}"
EndProject
Project("{FAE04EC0-301F-11D3-BF4B-00C04F79EFBC}") = "EntityLayer", "Services\Contact\EntityLayer\EntityLayer.csproj", "{20A15A19-A0C5-4626-9385-5CD1DC1C353D}"
EndProject
Project("{FAE04EC0-301F-11D3-BF4B-00C04F79EFBC}") = "CartMicroServiceUnitTest", "Services\Cart\CartMicroServiceUnitTest\CartMicroServiceUnitTest.csproj", "{2C591BA5-8168-4CB9-BDCC-48A956D4D36C}"
EndProject
Project("{FAE04EC0-301F-11D3-BF4B-00C04F79EFBC}") = "ContactTestProject", "Services\Contact\ContactTestProject\ContactTestProject.csproj", "{B33D39B7-0995-44C9-9DF5-E3B449794A8C}"
EndProject
Global
	GlobalSection(SolutionConfigurationPlatforms) = preSolution
		Debug|Any CPU = Debug|Any CPU
		Release|Any CPU = Release|Any CPU
	EndGlobalSection
	GlobalSection(NestedProjects) = preSolution
		{14FBC001-3B5C-4680-BA5B-243AD5065573} = {232F0A15-CBDB-4961-928C-C4C375F9FC82}
		{4AF23CB8-B3D7-42A7-B94A-AE2ABDA04F10} = {14FBC001-3B5C-4680-BA5B-243AD5065573}
		{76A4C384-C984-4095-88B2-1814BB8CCD40} = {63DDA443-96C6-4DD8-AB1E-7F0743ACD3A3}
		{70F15FEC-DF35-4F5B-AE19-47262A1B7732} = {E4B9A81E-D3D0-4C49-BBE1-EF1325AE5293}
		{F19760CF-F5D6-4A78-9202-164773E9D283} = {232F0A15-CBDB-4961-928C-C4C375F9FC82}
		{BE4DCBDB-F552-4E27-BBA5-486291BA07E1} = {F19760CF-F5D6-4A78-9202-164773E9D283}
		{8A20DEC0-21ED-433C-9805-A8B55680139B} = {232F0A15-CBDB-4961-928C-C4C375F9FC82}
		{4DA2F487-51F0-4844-A1E4-9FD4BC225D79} = {8A20DEC0-21ED-433C-9805-A8B55680139B}
		{8799C9BA-B1FC-4BFF-BB47-296AE5807DCF} = {232F0A15-CBDB-4961-928C-C4C375F9FC82}
		{693229F9-F96D-4929-B95B-C965209D170A} = {8799C9BA-B1FC-4BFF-BB47-296AE5807DCF}
		{63CD3B34-AA23-4EE9-824F-53542A86FB51} = {8799C9BA-B1FC-4BFF-BB47-296AE5807DCF}
		{3DCCE714-BD60-4F41-A473-6ABE2FCCE9C2} = {8799C9BA-B1FC-4BFF-BB47-296AE5807DCF}
		{327715B7-05BC-4580-B314-84DFD639E451} = {8799C9BA-B1FC-4BFF-BB47-296AE5807DCF}
		{BAE0ACBB-F94D-4290-B332-2D20BBEEA8CF} = {232F0A15-CBDB-4961-928C-C4C375F9FC82}
		{1AB7E0CE-9D31-455A-91D5-A4295386DC41} = {BAE0ACBB-F94D-4290-B332-2D20BBEEA8CF}
		{4FE08F74-BBE2-43DB-80BE-DA35B5D14CB8} = {BAE0ACBB-F94D-4290-B332-2D20BBEEA8CF}
		{7C9D3EC1-E0D2-461F-89E3-FB9C92B90CFC} = {BAE0ACBB-F94D-4290-B332-2D20BBEEA8CF}
		{BF140B44-1CA4-4706-A16A-A49722B3DBF6} = {BAE0ACBB-F94D-4290-B332-2D20BBEEA8CF}
		{593077CB-FA3D-46CA-A680-EB5A440838A1} = {232F0A15-CBDB-4961-928C-C4C375F9FC82}
		{1E3C22A7-0E33-4256-B91D-36E035E80C01} = {593077CB-FA3D-46CA-A680-EB5A440838A1}
		{616AFD10-73B7-4E29-B6C1-347FD5E6D8DE} = {05788193-AF21-4CF0-B4CC-9383A1374FD2}
		{64FCAB84-8681-47F7-82AA-78849DD716BA} = {B42C7B44-A114-44BF-8EFA-D75E6BDB082E}
		{EC2AC2AE-10C9-468F-A0C3-F91AF9840B86} = {B42C7B44-A114-44BF-8EFA-D75E6BDB082E}
		{CFF9ED85-6208-4FFD-9D9A-C0471EB59CBE} = {BAE0ACBB-F94D-4290-B332-2D20BBEEA8CF}
		{22781A58-E21D-4E31-ADCC-3509E7E361EE} = {232F0A15-CBDB-4961-928C-C4C375F9FC82}
		{ED59D08A-230A-44AC-8815-26B665908C93} = {22781A58-E21D-4E31-ADCC-3509E7E361EE}
		{05CA4429-D23B-4F84-AD8F-8373030C500D} = {22781A58-E21D-4E31-ADCC-3509E7E361EE}
		{81D5ADCD-6514-4332-83D4-312D57A0A8F7} = {22781A58-E21D-4E31-ADCC-3509E7E361EE}
		{20A15A19-A0C5-4626-9385-5CD1DC1C353D} = {22781A58-E21D-4E31-ADCC-3509E7E361EE}
		{2C591BA5-8168-4CB9-BDCC-48A956D4D36C} = {8A20DEC0-21ED-433C-9805-A8B55680139B}
		{B33D39B7-0995-44C9-9DF5-E3B449794A8C} = {22781A58-E21D-4E31-ADCC-3509E7E361EE}
	EndGlobalSection
	GlobalSection(ProjectConfigurationPlatforms) = postSolution
		{4AF23CB8-B3D7-42A7-B94A-AE2ABDA04F10}.Debug|Any CPU.ActiveCfg = Debug|Any CPU
		{4AF23CB8-B3D7-42A7-B94A-AE2ABDA04F10}.Debug|Any CPU.Build.0 = Debug|Any CPU
		{4AF23CB8-B3D7-42A7-B94A-AE2ABDA04F10}.Release|Any CPU.ActiveCfg = Release|Any CPU
		{4AF23CB8-B3D7-42A7-B94A-AE2ABDA04F10}.Release|Any CPU.Build.0 = Release|Any CPU
		{76A4C384-C984-4095-88B2-1814BB8CCD40}.Debug|Any CPU.ActiveCfg = Debug|Any CPU
		{76A4C384-C984-4095-88B2-1814BB8CCD40}.Debug|Any CPU.Build.0 = Debug|Any CPU
		{76A4C384-C984-4095-88B2-1814BB8CCD40}.Release|Any CPU.ActiveCfg = Release|Any CPU
		{76A4C384-C984-4095-88B2-1814BB8CCD40}.Release|Any CPU.Build.0 = Release|Any CPU
		{70F15FEC-DF35-4F5B-AE19-47262A1B7732}.Debug|Any CPU.ActiveCfg = Debug|Any CPU
		{70F15FEC-DF35-4F5B-AE19-47262A1B7732}.Debug|Any CPU.Build.0 = Debug|Any CPU
		{70F15FEC-DF35-4F5B-AE19-47262A1B7732}.Release|Any CPU.ActiveCfg = Release|Any CPU
		{70F15FEC-DF35-4F5B-AE19-47262A1B7732}.Release|Any CPU.Build.0 = Release|Any CPU
		{BE4DCBDB-F552-4E27-BBA5-486291BA07E1}.Debug|Any CPU.ActiveCfg = Debug|Any CPU
		{BE4DCBDB-F552-4E27-BBA5-486291BA07E1}.Debug|Any CPU.Build.0 = Debug|Any CPU
		{BE4DCBDB-F552-4E27-BBA5-486291BA07E1}.Release|Any CPU.ActiveCfg = Release|Any CPU
		{BE4DCBDB-F552-4E27-BBA5-486291BA07E1}.Release|Any CPU.Build.0 = Release|Any CPU
		{4DA2F487-51F0-4844-A1E4-9FD4BC225D79}.Debug|Any CPU.ActiveCfg = Debug|Any CPU
		{4DA2F487-51F0-4844-A1E4-9FD4BC225D79}.Debug|Any CPU.Build.0 = Debug|Any CPU
		{4DA2F487-51F0-4844-A1E4-9FD4BC225D79}.Release|Any CPU.ActiveCfg = Release|Any CPU
		{4DA2F487-51F0-4844-A1E4-9FD4BC225D79}.Release|Any CPU.Build.0 = Release|Any CPU
		{693229F9-F96D-4929-B95B-C965209D170A}.Debug|Any CPU.ActiveCfg = Debug|Any CPU
		{693229F9-F96D-4929-B95B-C965209D170A}.Debug|Any CPU.Build.0 = Debug|Any CPU
		{693229F9-F96D-4929-B95B-C965209D170A}.Release|Any CPU.ActiveCfg = Release|Any CPU
		{693229F9-F96D-4929-B95B-C965209D170A}.Release|Any CPU.Build.0 = Release|Any CPU
		{63CD3B34-AA23-4EE9-824F-53542A86FB51}.Debug|Any CPU.ActiveCfg = Debug|Any CPU
		{63CD3B34-AA23-4EE9-824F-53542A86FB51}.Debug|Any CPU.Build.0 = Debug|Any CPU
		{63CD3B34-AA23-4EE9-824F-53542A86FB51}.Release|Any CPU.ActiveCfg = Release|Any CPU
		{63CD3B34-AA23-4EE9-824F-53542A86FB51}.Release|Any CPU.Build.0 = Release|Any CPU
		{3DCCE714-BD60-4F41-A473-6ABE2FCCE9C2}.Debug|Any CPU.ActiveCfg = Debug|Any CPU
		{3DCCE714-BD60-4F41-A473-6ABE2FCCE9C2}.Debug|Any CPU.Build.0 = Debug|Any CPU
		{3DCCE714-BD60-4F41-A473-6ABE2FCCE9C2}.Release|Any CPU.ActiveCfg = Release|Any CPU
		{3DCCE714-BD60-4F41-A473-6ABE2FCCE9C2}.Release|Any CPU.Build.0 = Release|Any CPU
		{327715B7-05BC-4580-B314-84DFD639E451}.Debug|Any CPU.ActiveCfg = Debug|Any CPU
		{327715B7-05BC-4580-B314-84DFD639E451}.Debug|Any CPU.Build.0 = Debug|Any CPU
		{327715B7-05BC-4580-B314-84DFD639E451}.Release|Any CPU.ActiveCfg = Release|Any CPU
		{327715B7-05BC-4580-B314-84DFD639E451}.Release|Any CPU.Build.0 = Release|Any CPU
		{1AB7E0CE-9D31-455A-91D5-A4295386DC41}.Debug|Any CPU.ActiveCfg = Debug|Any CPU
		{1AB7E0CE-9D31-455A-91D5-A4295386DC41}.Debug|Any CPU.Build.0 = Debug|Any CPU
		{1AB7E0CE-9D31-455A-91D5-A4295386DC41}.Release|Any CPU.ActiveCfg = Release|Any CPU
		{1AB7E0CE-9D31-455A-91D5-A4295386DC41}.Release|Any CPU.Build.0 = Release|Any CPU
		{4FE08F74-BBE2-43DB-80BE-DA35B5D14CB8}.Debug|Any CPU.ActiveCfg = Debug|Any CPU
		{4FE08F74-BBE2-43DB-80BE-DA35B5D14CB8}.Debug|Any CPU.Build.0 = Debug|Any CPU
		{4FE08F74-BBE2-43DB-80BE-DA35B5D14CB8}.Release|Any CPU.ActiveCfg = Release|Any CPU
		{4FE08F74-BBE2-43DB-80BE-DA35B5D14CB8}.Release|Any CPU.Build.0 = Release|Any CPU
		{7C9D3EC1-E0D2-461F-89E3-FB9C92B90CFC}.Debug|Any CPU.ActiveCfg = Debug|Any CPU
		{7C9D3EC1-E0D2-461F-89E3-FB9C92B90CFC}.Debug|Any CPU.Build.0 = Debug|Any CPU
		{7C9D3EC1-E0D2-461F-89E3-FB9C92B90CFC}.Release|Any CPU.ActiveCfg = Release|Any CPU
		{7C9D3EC1-E0D2-461F-89E3-FB9C92B90CFC}.Release|Any CPU.Build.0 = Release|Any CPU
		{BF140B44-1CA4-4706-A16A-A49722B3DBF6}.Debug|Any CPU.ActiveCfg = Debug|Any CPU
		{BF140B44-1CA4-4706-A16A-A49722B3DBF6}.Debug|Any CPU.Build.0 = Debug|Any CPU
		{BF140B44-1CA4-4706-A16A-A49722B3DBF6}.Release|Any CPU.ActiveCfg = Release|Any CPU
		{BF140B44-1CA4-4706-A16A-A49722B3DBF6}.Release|Any CPU.Build.0 = Release|Any CPU
		{1E3C22A7-0E33-4256-B91D-36E035E80C01}.Debug|Any CPU.ActiveCfg = Debug|Any CPU
		{1E3C22A7-0E33-4256-B91D-36E035E80C01}.Debug|Any CPU.Build.0 = Debug|Any CPU
		{1E3C22A7-0E33-4256-B91D-36E035E80C01}.Release|Any CPU.ActiveCfg = Release|Any CPU
		{1E3C22A7-0E33-4256-B91D-36E035E80C01}.Release|Any CPU.Build.0 = Release|Any CPU
		{616AFD10-73B7-4E29-B6C1-347FD5E6D8DE}.Debug|Any CPU.ActiveCfg = Debug|Any CPU
		{616AFD10-73B7-4E29-B6C1-347FD5E6D8DE}.Debug|Any CPU.Build.0 = Debug|Any CPU
		{616AFD10-73B7-4E29-B6C1-347FD5E6D8DE}.Release|Any CPU.ActiveCfg = Release|Any CPU
		{616AFD10-73B7-4E29-B6C1-347FD5E6D8DE}.Release|Any CPU.Build.0 = Release|Any CPU
		{64FCAB84-8681-47F7-82AA-78849DD716BA}.Debug|Any CPU.ActiveCfg = Debug|Any CPU
		{64FCAB84-8681-47F7-82AA-78849DD716BA}.Debug|Any CPU.Build.0 = Debug|Any CPU
		{64FCAB84-8681-47F7-82AA-78849DD716BA}.Release|Any CPU.ActiveCfg = Release|Any CPU
		{64FCAB84-8681-47F7-82AA-78849DD716BA}.Release|Any CPU.Build.0 = Release|Any CPU
		{EC2AC2AE-10C9-468F-A0C3-F91AF9840B86}.Debug|Any CPU.ActiveCfg = Debug|Any CPU
		{EC2AC2AE-10C9-468F-A0C3-F91AF9840B86}.Debug|Any CPU.Build.0 = Debug|Any CPU
		{EC2AC2AE-10C9-468F-A0C3-F91AF9840B86}.Release|Any CPU.ActiveCfg = Release|Any CPU
		{EC2AC2AE-10C9-468F-A0C3-F91AF9840B86}.Release|Any CPU.Build.0 = Release|Any CPU
		{CFF9ED85-6208-4FFD-9D9A-C0471EB59CBE}.Debug|Any CPU.ActiveCfg = Debug|Any CPU
		{CFF9ED85-6208-4FFD-9D9A-C0471EB59CBE}.Debug|Any CPU.Build.0 = Debug|Any CPU
		{CFF9ED85-6208-4FFD-9D9A-C0471EB59CBE}.Release|Any CPU.ActiveCfg = Release|Any CPU
		{CFF9ED85-6208-4FFD-9D9A-C0471EB59CBE}.Release|Any CPU.Build.0 = Release|Any CPU
		{ED59D08A-230A-44AC-8815-26B665908C93}.Debug|Any CPU.ActiveCfg = Debug|Any CPU
		{ED59D08A-230A-44AC-8815-26B665908C93}.Debug|Any CPU.Build.0 = Debug|Any CPU
		{ED59D08A-230A-44AC-8815-26B665908C93}.Release|Any CPU.ActiveCfg = Release|Any CPU
		{ED59D08A-230A-44AC-8815-26B665908C93}.Release|Any CPU.Build.0 = Release|Any CPU
		{05CA4429-D23B-4F84-AD8F-8373030C500D}.Debug|Any CPU.ActiveCfg = Debug|Any CPU
		{05CA4429-D23B-4F84-AD8F-8373030C500D}.Debug|Any CPU.Build.0 = Debug|Any CPU
		{05CA4429-D23B-4F84-AD8F-8373030C500D}.Release|Any CPU.ActiveCfg = Release|Any CPU
		{05CA4429-D23B-4F84-AD8F-8373030C500D}.Release|Any CPU.Build.0 = Release|Any CPU
		{81D5ADCD-6514-4332-83D4-312D57A0A8F7}.Debug|Any CPU.ActiveCfg = Debug|Any CPU
		{81D5ADCD-6514-4332-83D4-312D57A0A8F7}.Debug|Any CPU.Build.0 = Debug|Any CPU
		{81D5ADCD-6514-4332-83D4-312D57A0A8F7}.Release|Any CPU.ActiveCfg = Release|Any CPU
		{81D5ADCD-6514-4332-83D4-312D57A0A8F7}.Release|Any CPU.Build.0 = Release|Any CPU
		{20A15A19-A0C5-4626-9385-5CD1DC1C353D}.Debug|Any CPU.ActiveCfg = Debug|Any CPU
		{20A15A19-A0C5-4626-9385-5CD1DC1C353D}.Debug|Any CPU.Build.0 = Debug|Any CPU
		{20A15A19-A0C5-4626-9385-5CD1DC1C353D}.Release|Any CPU.ActiveCfg = Release|Any CPU
		{20A15A19-A0C5-4626-9385-5CD1DC1C353D}.Release|Any CPU.Build.0 = Release|Any CPU
		{2C591BA5-8168-4CB9-BDCC-48A956D4D36C}.Debug|Any CPU.ActiveCfg = Debug|Any CPU
		{2C591BA5-8168-4CB9-BDCC-48A956D4D36C}.Debug|Any CPU.Build.0 = Debug|Any CPU
		{2C591BA5-8168-4CB9-BDCC-48A956D4D36C}.Release|Any CPU.ActiveCfg = Release|Any CPU
		{2C591BA5-8168-4CB9-BDCC-48A956D4D36C}.Release|Any CPU.Build.0 = Release|Any CPU
		{B33D39B7-0995-44C9-9DF5-E3B449794A8C}.Debug|Any CPU.ActiveCfg = Debug|Any CPU
		{B33D39B7-0995-44C9-9DF5-E3B449794A8C}.Debug|Any CPU.Build.0 = Debug|Any CPU
		{B33D39B7-0995-44C9-9DF5-E3B449794A8C}.Release|Any CPU.ActiveCfg = Release|Any CPU
		{B33D39B7-0995-44C9-9DF5-E3B449794A8C}.Release|Any CPU.Build.0 = Release|Any CPU
	EndGlobalSection
EndGlobal
