
Microsoft Visual Studio Solution File, Format Version 12.00
Project("{2150E333-8FDC-42A3-9474-1A3956D46DE8}") = "Services", "Services", "{232F0A15-CBDB-4961-928C-C4C375F9FC82}"
EndProject
Project("{2150E333-8FDC-42A3-9474-1A3956D46DE8}") = "Catalog", "Catalog", "{14FBC001-3B5C-4680-BA5B-243AD5065573}"
EndProject
Project("{FAE04EC0-301F-11D3-BF4B-00C04F79EFBC}") = "CatalogMicroServices", "Services\Catalog\CatalogMicroServices\CatalogMicroServices.csproj", "{4AF23CB8-B3D7-42A7-B94A-AE2ABDA04F10}"
EndProject
Project("{2150E333-8FDC-42A3-9474-1A3956D46DE8}") = "Shared", "Shared", "{63DDA443-96C6-4DD8-AB1E-7F0743ACD3A3}"
EndProject
Project("{FAE04EC0-301F-11D3-BF4B-00C04F79EFBC}") = "OnlineStudyShared", "Shared\OnlineStudyShared\OnlineStudyShared.csproj", "{76A4C384-C984-4095-88B2-1814BB8CCD40}"
EndProject
Project("{2150E333-8FDC-42A3-9474-1A3956D46DE8}") = "IdentityServer", "IdentityServer", "{E4B9A81E-D3D0-4C49-BBE1-EF1325AE5293}"
EndProject
Project("{FAE04EC0-301F-11D3-BF4B-00C04F79EFBC}") = "OnlineStudyIdentityServer", "IdentityServer\OnlineStudyIdentityServer\OnlineStudyIdentityServer.csproj", "{70F15FEC-DF35-4F5B-AE19-47262A1B7732}"
EndProject
Project("{2150E333-8FDC-42A3-9474-1A3956D46DE8}") = "PhotoStock", "PhotoStock", "{F19760CF-F5D6-4A78-9202-164773E9D283}"
EndProject
Project("{FAE04EC0-301F-11D3-BF4B-00C04F79EFBC}") = "PhotoStockMicroServices", "Services\PhotoStock\PhotoStockMicroServices\PhotoStockMicroServices.csproj", "{BE4DCBDB-F552-4E27-BBA5-486291BA07E1}"
EndProject
Project("{2150E333-8FDC-42A3-9474-1A3956D46DE8}") = "Cart", "Cart", "{8A20DEC0-21ED-433C-9805-A8B55680139B}"
EndProject
Project("{FAE04EC0-301F-11D3-BF4B-00C04F79EFBC}") = "CartMicroServices", "Services\Cart\CartMicroServices\CartMicroServices.csproj", "{4DA2F487-51F0-4844-A1E4-9FD4BC225D79}"
EndProject
Project("{2150E333-8FDC-42A3-9474-1A3956D46DE8}") = "Discount", "Discount", "{8799C9BA-B1FC-4BFF-BB47-296AE5807DCF}"
EndProject
Project("{FAE04EC0-301F-11D3-BF4B-00C04F79EFBC}") = "DiscountMicroSrvices", "Services\Discount\DiscountMicroSrvices\DiscountMicroSrvices.csproj", "{693229F9-F96D-4929-B95B-C965209D170A}"
EndProject
Project("{FAE04EC0-301F-11D3-BF4B-00C04F79EFBC}") = "Business", "Services\Discount\Business\Business.csproj", "{63CD3B34-AA23-4EE9-824F-53542A86FB51}"
EndProject
Project("{FAE04EC0-301F-11D3-BF4B-00C04F79EFBC}") = "DataAccess", "Services\Discount\DataAccess\DataAccess.csproj", "{3DCCE714-BD60-4F41-A473-6ABE2FCCE9C2}"
EndProject
Project("{FAE04EC0-301F-11D3-BF4B-00C04F79EFBC}") = "Entity", "Services\Discount\Entity\Entity.csproj", "{327715B7-05BC-4580-B314-84DFD639E451}"
EndProject
Project("{2150E333-8FDC-42A3-9474-1A3956D46DE8}") = "Order", "Order", "{BAE0ACBB-F94D-4290-B332-2D20BBEEA8CF}"
EndProject
Project("{FAE04EC0-301F-11D3-BF4B-00C04F79EFBC}") = "OrderMicroServicesWebAPI", "Services\Order\OrderMicroServicesWebAPI\OrderMicroServicesWebAPI.csproj", "{1AB7E0CE-9D31-455A-91D5-A4295386DC41}"
EndProject
Project("{FAE04EC0-301F-11D3-BF4B-00C04F79EFBC}") = "OrderApplication", "Services\Order\OrderApplication\OrderApplication.csproj", "{39CC802A-440C-479C-932A-3ECDD2E545E6}"
EndProject
Project("{FAE04EC0-301F-11D3-BF4B-00C04F79EFBC}") = "OrderDomain", "Services\Order\OrderDomain\OrderDomain.csproj", "{4FE08F74-BBE2-43DB-80BE-DA35B5D14CB8}"
EndProject
Project("{FAE04EC0-301F-11D3-BF4B-00C04F79EFBC}") = "OrderCore", "Services\Order\OrderCore\OrderCore.csproj", "{7C9D3EC1-E0D2-461F-89E3-FB9C92B90CFC}"
EndProject
Project("{FAE04EC0-301F-11D3-BF4B-00C04F79EFBC}") = "OrderInfrastructure", "Services\Order\OrderInfrastructure\OrderInfrastructure.csproj", "{BF140B44-1CA4-4706-A16A-A49722B3DBF6}"
EndProject
Global
	GlobalSection(SolutionConfigurationPlatforms) = preSolution
		Debug|Any CPU = Debug|Any CPU
		Release|Any CPU = Release|Any CPU
	EndGlobalSection
	GlobalSection(NestedProjects) = preSolution
		{14FBC001-3B5C-4680-BA5B-243AD5065573} = {232F0A15-CBDB-4961-928C-C4C375F9FC82}
		{4AF23CB8-B3D7-42A7-B94A-AE2ABDA04F10} = {14FBC001-3B5C-4680-BA5B-243AD5065573}
		{76A4C384-C984-4095-88B2-1814BB8CCD40} = {63DDA443-96C6-4DD8-AB1E-7F0743ACD3A3}
		{70F15FEC-DF35-4F5B-AE19-47262A1B7732} = {E4B9A81E-D3D0-4C49-BBE1-EF1325AE5293}
		{F19760CF-F5D6-4A78-9202-164773E9D283} = {232F0A15-CBDB-4961-928C-C4C375F9FC82}
		{BE4DCBDB-F552-4E27-BBA5-486291BA07E1} = {F19760CF-F5D6-4A78-9202-164773E9D283}
		{8A20DEC0-21ED-433C-9805-A8B55680139B} = {232F0A15-CBDB-4961-928C-C4C375F9FC82}
		{4DA2F487-51F0-4844-A1E4-9FD4BC225D79} = {8A20DEC0-21ED-433C-9805-A8B55680139B}
		{8799C9BA-B1FC-4BFF-BB47-296AE5807DCF} = {232F0A15-CBDB-4961-928C-C4C375F9FC82}
		{693229F9-F96D-4929-B95B-C965209D170A} = {8799C9BA-B1FC-4BFF-BB47-296AE5807DCF}
		{63CD3B34-AA23-4EE9-824F-53542A86FB51} = {8799C9BA-B1FC-4BFF-BB47-296AE5807DCF}
		{3DCCE714-BD60-4F41-A473-6ABE2FCCE9C2} = {8799C9BA-B1FC-4BFF-BB47-296AE5807DCF}
		{327715B7-05BC-4580-B314-84DFD639E451} = {8799C9BA-B1FC-4BFF-BB47-296AE5807DCF}
		{BAE0ACBB-F94D-4290-B332-2D20BBEEA8CF} = {232F0A15-CBDB-4961-928C-C4C375F9FC82}
		{1AB7E0CE-9D31-455A-91D5-A4295386DC41} = {BAE0ACBB-F94D-4290-B332-2D20BBEEA8CF}
		{39CC802A-440C-479C-932A-3ECDD2E545E6} = {BAE0ACBB-F94D-4290-B332-2D20BBEEA8CF}
		{4FE08F74-BBE2-43DB-80BE-DA35B5D14CB8} = {BAE0ACBB-F94D-4290-B332-2D20BBEEA8CF}
		{7C9D3EC1-E0D2-461F-89E3-FB9C92B90CFC} = {BAE0ACBB-F94D-4290-B332-2D20BBEEA8CF}
		{BF140B44-1CA4-4706-A16A-A49722B3DBF6} = {BAE0ACBB-F94D-4290-B332-2D20BBEEA8CF}
	EndGlobalSection
	GlobalSection(ProjectConfigurationPlatforms) = postSolution
		{4AF23CB8-B3D7-42A7-B94A-AE2ABDA04F10}.Debug|Any CPU.ActiveCfg = Debug|Any CPU
		{4AF23CB8-B3D7-42A7-B94A-AE2ABDA04F10}.Debug|Any CPU.Build.0 = Debug|Any CPU
		{4AF23CB8-B3D7-42A7-B94A-AE2ABDA04F10}.Release|Any CPU.ActiveCfg = Release|Any CPU
		{4AF23CB8-B3D7-42A7-B94A-AE2ABDA04F10}.Release|Any CPU.Build.0 = Release|Any CPU
		{76A4C384-C984-4095-88B2-1814BB8CCD40}.Debug|Any CPU.ActiveCfg = Debug|Any CPU
		{76A4C384-C984-4095-88B2-1814BB8CCD40}.Debug|Any CPU.Build.0 = Debug|Any CPU
		{76A4C384-C984-4095-88B2-1814BB8CCD40}.Release|Any CPU.ActiveCfg = Release|Any CPU
		{76A4C384-C984-4095-88B2-1814BB8CCD40}.Release|Any CPU.Build.0 = Release|Any CPU
		{70F15FEC-DF35-4F5B-AE19-47262A1B7732}.Debug|Any CPU.ActiveCfg = Debug|Any CPU
		{70F15FEC-DF35-4F5B-AE19-47262A1B7732}.Debug|Any CPU.Build.0 = Debug|Any CPU
		{70F15FEC-DF35-4F5B-AE19-47262A1B7732}.Release|Any CPU.ActiveCfg = Release|Any CPU
		{70F15FEC-DF35-4F5B-AE19-47262A1B7732}.Release|Any CPU.Build.0 = Release|Any CPU
		{BE4DCBDB-F552-4E27-BBA5-486291BA07E1}.Debug|Any CPU.ActiveCfg = Debug|Any CPU
		{BE4DCBDB-F552-4E27-BBA5-486291BA07E1}.Debug|Any CPU.Build.0 = Debug|Any CPU
		{BE4DCBDB-F552-4E27-BBA5-486291BA07E1}.Release|Any CPU.ActiveCfg = Release|Any CPU
		{BE4DCBDB-F552-4E27-BBA5-486291BA07E1}.Release|Any CPU.Build.0 = Release|Any CPU
		{4DA2F487-51F0-4844-A1E4-9FD4BC225D79}.Debug|Any CPU.ActiveCfg = Debug|Any CPU
		{4DA2F487-51F0-4844-A1E4-9FD4BC225D79}.Debug|Any CPU.Build.0 = Debug|Any CPU
		{4DA2F487-51F0-4844-A1E4-9FD4BC225D79}.Release|Any CPU.ActiveCfg = Release|Any CPU
		{4DA2F487-51F0-4844-A1E4-9FD4BC225D79}.Release|Any CPU.Build.0 = Release|Any CPU
		{693229F9-F96D-4929-B95B-C965209D170A}.Debug|Any CPU.ActiveCfg = Debug|Any CPU
		{693229F9-F96D-4929-B95B-C965209D170A}.Debug|Any CPU.Build.0 = Debug|Any CPU
		{693229F9-F96D-4929-B95B-C965209D170A}.Release|Any CPU.ActiveCfg = Release|Any CPU
		{693229F9-F96D-4929-B95B-C965209D170A}.Release|Any CPU.Build.0 = Release|Any CPU
		{63CD3B34-AA23-4EE9-824F-53542A86FB51}.Debug|Any CPU.ActiveCfg = Debug|Any CPU
		{63CD3B34-AA23-4EE9-824F-53542A86FB51}.Debug|Any CPU.Build.0 = Debug|Any CPU
		{63CD3B34-AA23-4EE9-824F-53542A86FB51}.Release|Any CPU.ActiveCfg = Release|Any CPU
		{63CD3B34-AA23-4EE9-824F-53542A86FB51}.Release|Any CPU.Build.0 = Release|Any CPU
		{3DCCE714-BD60-4F41-A473-6ABE2FCCE9C2}.Debug|Any CPU.ActiveCfg = Debug|Any CPU
		{3DCCE714-BD60-4F41-A473-6ABE2FCCE9C2}.Debug|Any CPU.Build.0 = Debug|Any CPU
		{3DCCE714-BD60-4F41-A473-6ABE2FCCE9C2}.Release|Any CPU.ActiveCfg = Release|Any CPU
		{3DCCE714-BD60-4F41-A473-6ABE2FCCE9C2}.Release|Any CPU.Build.0 = Release|Any CPU
		{327715B7-05BC-4580-B314-84DFD639E451}.Debug|Any CPU.ActiveCfg = Debug|Any CPU
		{327715B7-05BC-4580-B314-84DFD639E451}.Debug|Any CPU.Build.0 = Debug|Any CPU
		{327715B7-05BC-4580-B314-84DFD639E451}.Release|Any CPU.ActiveCfg = Release|Any CPU
		{327715B7-05BC-4580-B314-84DFD639E451}.Release|Any CPU.Build.0 = Release|Any CPU
		{1AB7E0CE-9D31-455A-91D5-A4295386DC41}.Debug|Any CPU.ActiveCfg = Debug|Any CPU
		{1AB7E0CE-9D31-455A-91D5-A4295386DC41}.Debug|Any CPU.Build.0 = Debug|Any CPU
		{1AB7E0CE-9D31-455A-91D5-A4295386DC41}.Release|Any CPU.ActiveCfg = Release|Any CPU
		{1AB7E0CE-9D31-455A-91D5-A4295386DC41}.Release|Any CPU.Build.0 = Release|Any CPU
		{39CC802A-440C-479C-932A-3ECDD2E545E6}.Debug|Any CPU.ActiveCfg = Debug|Any CPU
		{39CC802A-440C-479C-932A-3ECDD2E545E6}.Debug|Any CPU.Build.0 = Debug|Any CPU
		{39CC802A-440C-479C-932A-3ECDD2E545E6}.Release|Any CPU.ActiveCfg = Release|Any CPU
		{39CC802A-440C-479C-932A-3ECDD2E545E6}.Release|Any CPU.Build.0 = Release|Any CPU
		{4FE08F74-BBE2-43DB-80BE-DA35B5D14CB8}.Debug|Any CPU.ActiveCfg = Debug|Any CPU
		{4FE08F74-BBE2-43DB-80BE-DA35B5D14CB8}.Debug|Any CPU.Build.0 = Debug|Any CPU
		{4FE08F74-BBE2-43DB-80BE-DA35B5D14CB8}.Release|Any CPU.ActiveCfg = Release|Any CPU
		{4FE08F74-BBE2-43DB-80BE-DA35B5D14CB8}.Release|Any CPU.Build.0 = Release|Any CPU
		{7C9D3EC1-E0D2-461F-89E3-FB9C92B90CFC}.Debug|Any CPU.ActiveCfg = Debug|Any CPU
		{7C9D3EC1-E0D2-461F-89E3-FB9C92B90CFC}.Debug|Any CPU.Build.0 = Debug|Any CPU
		{7C9D3EC1-E0D2-461F-89E3-FB9C92B90CFC}.Release|Any CPU.ActiveCfg = Release|Any CPU
		{7C9D3EC1-E0D2-461F-89E3-FB9C92B90CFC}.Release|Any CPU.Build.0 = Release|Any CPU
		{BF140B44-1CA4-4706-A16A-A49722B3DBF6}.Debug|Any CPU.ActiveCfg = Debug|Any CPU
		{BF140B44-1CA4-4706-A16A-A49722B3DBF6}.Debug|Any CPU.Build.0 = Debug|Any CPU
		{BF140B44-1CA4-4706-A16A-A49722B3DBF6}.Release|Any CPU.ActiveCfg = Release|Any CPU
		{BF140B44-1CA4-4706-A16A-A49722B3DBF6}.Release|Any CPU.Build.0 = Release|Any CPU
	EndGlobalSection
EndGlobal
